<?xml version="1.0" encoding="utf-8"?>
<Project ToolsVersion="4.0" xmlns="http://schemas.microsoft.com/developer/msbuild/2003">
  <ItemGroup>
    <Filter Include="소스 파일">
      <UniqueIdentifier>{4FC737F1-C7A5-4376-A066-2A32D752A2FF}</UniqueIdentifier>
      <Extensions>cpp;c;cc;cxx;def;odl;idl;hpj;bat;asm;asmx</Extensions>
    </Filter>
    <Filter Include="헤더 파일">
      <UniqueIdentifier>{93995380-89BD-4b04-88EB-625FBE52EBFB}</UniqueIdentifier>
      <Extensions>h;hh;hpp;hxx;hm;inl;inc;ipp;xsd</Extensions>
    </Filter>
    <Filter Include="리소스 파일">
      <UniqueIdentifier>{67DA6AB6-F800-4c08-8B7A-83BB121AAD01}</UniqueIdentifier>
      <Extensions>rc;ico;cur;bmp;dlg;rc2;rct;bin;rgs;gif;jpg;jpeg;jpe;resx;tiff;tif;png;wav;mfcribbon-ms</Extensions>
    </Filter>
    <Filter Include="01. Core">
      <UniqueIdentifier>{a84b0f1e-31be-467f-ac06-61862fb3767e}</UniqueIdentifier>
    </Filter>
    <Filter Include="02. Device">
      <UniqueIdentifier>{e6a0e8c8-7c14-4520-a937-3762f0b39c85}</UniqueIdentifier>
    </Filter>
    <Filter Include="03. Manager">
      <UniqueIdentifier>{8b311ca8-6b38-4aff-a3dc-31e09e6f3287}</UniqueIdentifier>
    </Filter>
    <Filter Include="05. Resource">
      <UniqueIdentifier>{a10c8955-93cb-452e-ae2e-3dfc917f5167}</UniqueIdentifier>
    </Filter>
    <Filter Include="00. etc">
      <UniqueIdentifier>{a70ed72a-3714-44b2-adb1-da86e4ec0236}</UniqueIdentifier>
    </Filter>
    <Filter Include="03. Manager\Scene">
      <UniqueIdentifier>{f559f401-b9ec-4fdd-8238-3f605882fe57}</UniqueIdentifier>
    </Filter>
    <Filter Include="06. GameObject">
      <UniqueIdentifier>{f6ec12e6-4cb7-4b27-8eeb-6a2eb69a3ecd}</UniqueIdentifier>
    </Filter>
    <Filter Include="06. GameObject\Component">
      <UniqueIdentifier>{82039eea-aa5f-40fb-84d7-3972ca533070}</UniqueIdentifier>
    </Filter>
    <Filter Include="00. etc\추가시킨 cpp, h">
      <UniqueIdentifier>{315f0093-182c-4121-883c-ac8ccb7d58fc}</UniqueIdentifier>
    </Filter>
    <Filter Include="06. GameObject\Component\Transform">
      <UniqueIdentifier>{6812077c-476f-427a-b394-4a1adbabc581}</UniqueIdentifier>
    </Filter>
    <Filter Include="06. GameObject\Component\MeshRender">
      <UniqueIdentifier>{21fe20a2-edc0-4758-b98c-d9ba470f413b}</UniqueIdentifier>
    </Filter>
    <Filter Include="00. etc\Entity">
      <UniqueIdentifier>{50f02240-c8b4-440f-8c6a-3c470025d03f}</UniqueIdentifier>
    </Filter>
    <Filter Include="06. GameObject\Component\Camera">
      <UniqueIdentifier>{ca223626-e947-4678-8d2d-bca75b542c4e}</UniqueIdentifier>
    </Filter>
    <Filter Include="06. GameObject\Component\Collider">
      <UniqueIdentifier>{1bc40c03-f4a3-4a5d-9e99-17f0d6558de6}</UniqueIdentifier>
    </Filter>
    <Filter Include="06. GameObject\Component\Script">
      <UniqueIdentifier>{fe972038-7d6f-4095-9bb6-cb1a366a082e}</UniqueIdentifier>
    </Filter>
    <Filter Include="06. GameObject\Component\Light">
      <UniqueIdentifier>{e7c84702-154f-4a96-9189-16d40ad76288}</UniqueIdentifier>
    </Filter>
    <Filter Include="06. GameObject\Component\Animation">
      <UniqueIdentifier>{78ef2d3f-58ac-42fb-8ce2-a86314204203}</UniqueIdentifier>
    </Filter>
    <Filter Include="06. GameObject\Component\Animation\2D">
      <UniqueIdentifier>{85d01313-6df6-4335-aca9-d3a848091419}</UniqueIdentifier>
    </Filter>
    <Filter Include="06. GameObject\Component\Animation\3D">
      <UniqueIdentifier>{617b2507-2828-4ced-8322-0453404af9c1}</UniqueIdentifier>
    </Filter>
    <Filter Include="06. GameObject\Component\LandScape">
      <UniqueIdentifier>{f522658d-ce0e-4e41-a79d-4ec468d5eef8}</UniqueIdentifier>
    </Filter>
    <Filter Include="03. Manager\Rendering">
      <UniqueIdentifier>{e91948be-adf5-49f4-8c1a-8e9a9610b8c9}</UniqueIdentifier>
    </Filter>
    <Filter Include="03. Manager\Rendering\MRT">
      <UniqueIdentifier>{44d7bc16-198f-4317-86e1-a4c725eadad9}</UniqueIdentifier>
    </Filter>
    <Filter Include="03. Manager\Resource">
      <UniqueIdentifier>{429fd413-a3c0-4796-a0e6-ff1f1d4562e7}</UniqueIdentifier>
    </Filter>
    <Filter Include="04. Shader">
      <UniqueIdentifier>{85042201-4831-4cab-8025-85b2130e186c}</UniqueIdentifier>
    </Filter>
    <Filter Include="04. Shader\ShaderCode">
      <UniqueIdentifier>{a50daada-102e-476b-941c-f8bdc98c44be}</UniqueIdentifier>
    </Filter>
    <Filter Include="05. Resource\FbxLoader">
      <UniqueIdentifier>{084a25dc-68de-401c-a0e0-1091e1720450}</UniqueIdentifier>
    </Filter>
    <Filter Include="06. GameObject\Component\Particle">
      <UniqueIdentifier>{8efbd3dd-7818-4b1b-b1a2-b7617e045459}</UniqueIdentifier>
    </Filter>
    <Filter Include="03. Manager\Instancing">
      <UniqueIdentifier>{44071d1a-0a69-4202-9dda-6f94456f1b57}</UniqueIdentifier>
    </Filter>
    <Filter Include="03. Manager\Navigation">
      <UniqueIdentifier>{b60307d0-397a-4d1b-9bd2-9b9ecd85da1d}</UniqueIdentifier>
    </Filter>
    <Filter Include="06. GameObject\Component\Mouse">
      <UniqueIdentifier>{33f3f387-6d37-4b5b-85f2-a30e3e7a5ad9}</UniqueIdentifier>
    </Filter>
    <Filter Include="06. GameObject\Component\Font">
      <UniqueIdentifier>{4b6071b6-b6e0-43a4-b7d6-75d369098c53}</UniqueIdentifier>
    </Filter>
    <Filter Include="06. GameObject\Component\Animation\3D\BoneSocket">
      <UniqueIdentifier>{4672a2c7-1575-47f3-8e99-c6d6a46a173a}</UniqueIdentifier>
    </Filter>
  </ItemGroup>
  <ItemGroup>
    <ClInclude Include="stdafx.h">
      <Filter>헤더 파일</Filter>
    </ClInclude>
    <ClInclude Include="targetver.h">
      <Filter>헤더 파일</Filter>
    </ClInclude>
    <ClInclude Include="Core.h">
      <Filter>01. Core</Filter>
    </ClInclude>
    <ClInclude Include="Device.h">
      <Filter>02. Device</Filter>
    </ClInclude>
    <ClInclude Include="ConstantBuffer.h">
      <Filter>02. Device</Filter>
    </ClInclude>
    <ClInclude Include="Texture.h">
      <Filter>05. Resource</Filter>
    </ClInclude>
    <ClInclude Include="Resource.h">
      <Filter>05. Resource</Filter>
    </ClInclude>
    <ClInclude Include="Layer.h">
      <Filter>03. Manager\Scene</Filter>
    </ClInclude>
    <ClInclude Include="GameObject.h">
      <Filter>06. GameObject</Filter>
    </ClInclude>
    <ClInclude Include="Component.h">
      <Filter>06. GameObject\Component</Filter>
    </ClInclude>
    <ClInclude Include="SimpleMath.h">
      <Filter>00. etc\추가시킨 cpp, h</Filter>
    </ClInclude>
    <ClInclude Include="d3dx12.h">
      <Filter>00. etc\추가시킨 cpp, h</Filter>
    </ClInclude>
    <ClInclude Include="Transform.h">
      <Filter>06. GameObject\Component\Transform</Filter>
    </ClInclude>
    <ClInclude Include="MeshRender.h">
      <Filter>06. GameObject\Component\MeshRender</Filter>
    </ClInclude>
    <ClInclude Include="Ptr.h">
      <Filter>00. etc</Filter>
    </ClInclude>
    <ClInclude Include="Material.h">
      <Filter>05. Resource</Filter>
    </ClInclude>
    <ClInclude Include="Entity.h">
      <Filter>00. etc\Entity</Filter>
    </ClInclude>
    <ClInclude Include="Shader.h">
      <Filter>04. Shader</Filter>
    </ClInclude>
    <ClInclude Include="Mesh.h">
      <Filter>05. Resource</Filter>
    </ClInclude>
    <ClInclude Include="Scene.h">
      <Filter>03. Manager\Scene</Filter>
    </ClInclude>
    <ClInclude Include="Camera.h">
      <Filter>06. GameObject\Component\Camera</Filter>
    </ClInclude>
    <ClInclude Include="Frustum.h">
      <Filter>06. GameObject\Component\Camera</Filter>
    </ClInclude>
    <ClInclude Include="Collider2D.h">
      <Filter>06. GameObject\Component\Collider</Filter>
    </ClInclude>
    <ClInclude Include="Script.h">
      <Filter>06. GameObject\Component\Script</Filter>
    </ClInclude>
    <ClInclude Include="Sound.h">
      <Filter>05. Resource</Filter>
    </ClInclude>
    <ClInclude Include="Light2D.h">
      <Filter>06. GameObject\Component\Light</Filter>
    </ClInclude>
    <ClInclude Include="Light3D.h">
      <Filter>06. GameObject\Component\Light</Filter>
    </ClInclude>
    <ClInclude Include="Animation2D.h">
      <Filter>06. GameObject\Component\Animation\2D</Filter>
    </ClInclude>
    <ClInclude Include="Animator2D.h">
      <Filter>06. GameObject\Component\Animation\2D</Filter>
    </ClInclude>
    <ClInclude Include="CollisionMgr.h">
      <Filter>03. Manager</Filter>
    </ClInclude>
    <ClInclude Include="EventMgr.h">
      <Filter>03. Manager</Filter>
    </ClInclude>
    <ClInclude Include="KeyMgr.h">
      <Filter>03. Manager</Filter>
    </ClInclude>
    <ClInclude Include="PathMgr.h">
      <Filter>03. Manager</Filter>
    </ClInclude>
    <ClInclude Include="TimeMgr.h">
      <Filter>03. Manager</Filter>
    </ClInclude>
    <ClInclude Include="SceneMgr.h">
      <Filter>03. Manager\Scene</Filter>
    </ClInclude>
    <ClInclude Include="define.h">
      <Filter>00. etc</Filter>
    </ClInclude>
    <ClInclude Include="extern.h">
      <Filter>00. etc</Filter>
    </ClInclude>
    <ClInclude Include="global.h">
      <Filter>00. etc</Filter>
    </ClInclude>
    <ClInclude Include="LandScape.h">
      <Filter>06. GameObject\Component\LandScape</Filter>
    </ClInclude>
    <ClInclude Include="GridScript.h">
      <Filter>06. GameObject\Component\Script</Filter>
    </ClInclude>
    <ClInclude Include="MonsterScript.h">
      <Filter>06. GameObject\Component\Script</Filter>
    </ClInclude>
    <ClInclude Include="ToolCamScript.h">
      <Filter>06. GameObject\Component\Script</Filter>
    </ClInclude>
    <ClInclude Include="BulletScript.h">
      <Filter>06. GameObject\Component\Script</Filter>
    </ClInclude>
    <ClInclude Include="TestScript.h">
      <Filter>06. GameObject\Component\Script</Filter>
    </ClInclude>
    <ClInclude Include="SceneScript.h">
      <Filter>03. Manager\Scene</Filter>
    </ClInclude>
    <ClInclude Include="MRT.h">
      <Filter>03. Manager\Rendering\MRT</Filter>
    </ClInclude>
    <ClInclude Include="struct.h">
      <Filter>00. etc</Filter>
    </ClInclude>
    <ClInclude Include="ResMgr.h">
      <Filter>03. Manager\Resource</Filter>
    </ClInclude>
    <ClInclude Include="MeshData.h">
      <Filter>05. Resource</Filter>
    </ClInclude>
    <ClInclude Include="FBXLoader.h">
      <Filter>05. Resource\FbxLoader</Filter>
    </ClInclude>
    <ClInclude Include="Animator3D.h">
      <Filter>06. GameObject\Component\Animation\3D</Filter>
    </ClInclude>
    <ClInclude Include="func.h">
      <Filter>00. etc</Filter>
    </ClInclude>
    <ClInclude Include="FontMgr.h">
      <Filter>03. Manager</Filter>
    </ClInclude>
    <ClInclude Include="StructuredBuffer.h">
      <Filter>02. Device</Filter>
    </ClInclude>
    <ClInclude Include="RenderMgr.h">
      <Filter>03. Manager\Rendering</Filter>
    </ClInclude>
    <ClInclude Include="ParticleSystem.h">
      <Filter>06. GameObject\Component\Particle</Filter>
    </ClInclude>
    <ClInclude Include="Font.h">
      <Filter>06. GameObject\Component\Font</Filter>
    </ClInclude>
    <ClInclude Include="InstancingMgr.h">
      <Filter>03. Manager\Instancing</Filter>
    </ClInclude>
    <ClInclude Include="InstancingBuffer.h">
      <Filter>03. Manager\Instancing</Filter>
    </ClInclude>
    <ClInclude Include="NaviMgr.h">
      <Filter>03. Manager\Navigation</Filter>
    </ClInclude>
    <ClInclude Include="Mouse.h">
      <Filter>헤더 파일</Filter>
    </ClInclude>
    <ClInclude Include="BoneSocket.h">
      <Filter>06. GameObject\Component\Animation\3D\BoneSocket</Filter>
    </ClInclude>
  </ItemGroup>
  <ItemGroup>
    <ClCompile Include="stdafx.cpp">
      <Filter>소스 파일</Filter>
    </ClCompile>
    <ClCompile Include="Core.cpp">
      <Filter>01. Core</Filter>
    </ClCompile>
    <ClCompile Include="Device.cpp">
      <Filter>02. Device</Filter>
    </ClCompile>
    <ClCompile Include="ConstantBuffer.cpp">
      <Filter>02. Device</Filter>
    </ClCompile>
    <ClCompile Include="Texture.cpp">
      <Filter>05. Resource</Filter>
    </ClCompile>
    <ClCompile Include="Resource.cpp">
      <Filter>05. Resource</Filter>
    </ClCompile>
    <ClCompile Include="Layer.cpp">
      <Filter>03. Manager\Scene</Filter>
    </ClCompile>
    <ClCompile Include="GameObject.cpp">
      <Filter>06. GameObject</Filter>
    </ClCompile>
    <ClCompile Include="Component.cpp">
      <Filter>06. GameObject\Component</Filter>
    </ClCompile>
    <ClCompile Include="SimpleMath.cpp">
      <Filter>00. etc\추가시킨 cpp, h</Filter>
    </ClCompile>
    <ClCompile Include="Transform.cpp">
      <Filter>06. GameObject\Component\Transform</Filter>
    </ClCompile>
    <ClCompile Include="MeshRender.cpp">
      <Filter>06. GameObject\Component\MeshRender</Filter>
    </ClCompile>
    <ClCompile Include="Material.cpp">
      <Filter>05. Resource</Filter>
    </ClCompile>
    <ClCompile Include="Entity.cpp">
      <Filter>00. etc\Entity</Filter>
    </ClCompile>
    <ClCompile Include="Shader.cpp">
      <Filter>04. Shader</Filter>
    </ClCompile>
    <ClCompile Include="Mesh.cpp">
      <Filter>05. Resource</Filter>
    </ClCompile>
    <ClCompile Include="Scene.cpp">
      <Filter>03. Manager\Scene</Filter>
    </ClCompile>
    <ClCompile Include="Camera.cpp">
      <Filter>06. GameObject\Component\Camera</Filter>
    </ClCompile>
    <ClCompile Include="Frustum.cpp">
      <Filter>06. GameObject\Component\Camera</Filter>
    </ClCompile>
    <ClCompile Include="Collider2D.cpp">
      <Filter>06. GameObject\Component\Collider</Filter>
    </ClCompile>
    <ClCompile Include="Script.cpp">
      <Filter>06. GameObject\Component\Script</Filter>
    </ClCompile>
    <ClCompile Include="Sound.cpp">
      <Filter>05. Resource</Filter>
    </ClCompile>
    <ClCompile Include="Light3D.cpp">
      <Filter>06. GameObject\Component\Light</Filter>
    </ClCompile>
    <ClCompile Include="Light2D.cpp">
      <Filter>06. GameObject\Component\Light</Filter>
    </ClCompile>
    <ClCompile Include="Animation2D.cpp">
      <Filter>06. GameObject\Component\Animation\2D</Filter>
    </ClCompile>
    <ClCompile Include="Animator2D.cpp">
      <Filter>06. GameObject\Component\Animation\2D</Filter>
    </ClCompile>
    <ClCompile Include="CollisionMgr.cpp">
      <Filter>03. Manager</Filter>
    </ClCompile>
    <ClCompile Include="EventMgr.cpp">
      <Filter>03. Manager</Filter>
    </ClCompile>
    <ClCompile Include="KeyMgr.cpp">
      <Filter>03. Manager</Filter>
    </ClCompile>
    <ClCompile Include="PathMgr.cpp">
      <Filter>03. Manager</Filter>
    </ClCompile>
    <ClCompile Include="TimeMgr.cpp">
      <Filter>03. Manager</Filter>
    </ClCompile>
    <ClCompile Include="SceneMgr.cpp">
      <Filter>03. Manager\Scene</Filter>
    </ClCompile>
    <ClCompile Include="desc.cpp">
      <Filter>00. etc</Filter>
    </ClCompile>
    <ClCompile Include="LandScape.cpp">
      <Filter>06. GameObject\Component\LandScape</Filter>
    </ClCompile>
    <ClCompile Include="GridScript.cpp">
      <Filter>06. GameObject\Component\Script</Filter>
    </ClCompile>
    <ClCompile Include="MonsterScript.cpp">
      <Filter>06. GameObject\Component\Script</Filter>
    </ClCompile>
    <ClCompile Include="ToolCamScript.cpp">
      <Filter>06. GameObject\Component\Script</Filter>
    </ClCompile>
    <ClCompile Include="TestScript.cpp">
      <Filter>06. GameObject\Component\Script</Filter>
    </ClCompile>
    <ClCompile Include="SceneScript.cpp">
      <Filter>03. Manager\Scene</Filter>
    </ClCompile>
    <ClCompile Include="RenderMgrInit.cpp">
      <Filter>03. Manager\Rendering</Filter>
    </ClCompile>
    <ClCompile Include="RenderMgr.cpp">
      <Filter>03. Manager\Rendering</Filter>
    </ClCompile>
    <ClCompile Include="MRT.cpp">
      <Filter>03. Manager\Rendering\MRT</Filter>
    </ClCompile>
    <ClCompile Include="ResMgr.cpp">
      <Filter>03. Manager\Resource</Filter>
    </ClCompile>
    <ClCompile Include="ResMgrInit.cpp">
      <Filter>03. Manager\Resource</Filter>
    </ClCompile>
    <ClCompile Include="BulletScript.cpp">
      <Filter>06. GameObject\Component\Script</Filter>
    </ClCompile>
    <ClCompile Include="MeshData.cpp">
      <Filter>05. Resource</Filter>
    </ClCompile>
    <ClCompile Include="FBXLoader.cpp">
      <Filter>05. Resource\FbxLoader</Filter>
    </ClCompile>
    <ClCompile Include="Animator3D.cpp">
      <Filter>06. GameObject\Component\Animation\3D</Filter>
    </ClCompile>
    <ClCompile Include="func.cpp">
      <Filter>00. etc</Filter>
    </ClCompile>
    <ClCompile Include="FontMgr.cpp">
      <Filter>03. Manager</Filter>
    </ClCompile>
    <ClCompile Include="StructuredBuffer.cpp">
      <Filter>02. Device</Filter>
    </ClCompile>
    <ClCompile Include="ParticleSystem.cpp">
      <Filter>06. GameObject\Component\Particle</Filter>
    </ClCompile>
    <ClCompile Include="Font.cpp">
      <Filter>06. GameObject\Component\Font</Filter>
    </ClCompile>
    <ClCompile Include="InstancingMgr.cpp">
      <Filter>03. Manager\Instancing</Filter>
    </ClCompile>
    <ClCompile Include="InstancingBuffer.cpp">
      <Filter>03. Manager\Instancing</Filter>
    </ClCompile>
    <ClCompile Include="NaviMgr.cpp">
      <Filter>03. Manager\Navigation</Filter>
    </ClCompile>
    <ClCompile Include="Mouse.cpp">
      <Filter>소스 파일</Filter>
    </ClCompile>
    <ClCompile Include="BoneSocket.cpp">
      <Filter>06. GameObject\Component\Animation\3D\BoneSocket</Filter>
    </ClCompile>
  </ItemGroup>
  <ItemGroup>
    <None Include="SimpleMath.inl">
      <Filter>00. etc\추가시킨 cpp, h</Filter>
    </None>
  </ItemGroup>
  <ItemGroup>
    <FxCompile Include="func.fx">
      <Filter>04. Shader\ShaderCode</Filter>
    </FxCompile>
    <FxCompile Include="light.fx">
      <Filter>04. Shader\ShaderCode</Filter>
    </FxCompile>
    <FxCompile Include="particle.fx">
      <Filter>04. Shader\ShaderCode</Filter>
    </FxCompile>
    <FxCompile Include="std.fx">
      <Filter>04. Shader\ShaderCode</Filter>
    </FxCompile>
    <FxCompile Include="std3d.fx">
      <Filter>04. Shader\ShaderCode</Filter>
    </FxCompile>
    <FxCompile Include="tool.fx">
      <Filter>04. Shader\ShaderCode</Filter>
    </FxCompile>
    <FxCompile Include="value.fx">
      <Filter>04. Shader\ShaderCode</Filter>
    </FxCompile>
    <FxCompile Include="animation.fx">
      <Filter>04. Shader\ShaderCode</Filter>
    </FxCompile>
    <FxCompile Include="compute.fx">
      <Filter>04. Shader\ShaderCode</Filter>
    </FxCompile>
    <FxCompile Include="posteffect.fx">
      <Filter>04. Shader\ShaderCode</Filter>
    </FxCompile>
    <FxCompile Include="water.fx">
      <Filter>04. Shader\ShaderCode</Filter>
    </FxCompile>
    <FxCompile Include="font.fx">
      <Filter>04. Shader\ShaderCode</Filter>
    </FxCompile>
  </ItemGroup>
</Project>